%{
  "bunt": {:hex, :bunt, "0.2.0", "951c6e801e8b1d2cbe58ebbd3e616a869061ddadcc4863d0a2182541acae9a38", [:mix], [], "hexpm"},
  "circuits_gpio": {:hex, :circuits_gpio, "0.4.3", "1a53dff1eaeefb9f67f4ebc2c1852b603683eedaa6053bed51c038dd64b978bb", [:make, :mix], [{:elixir_make, "~> 0.6", [hex: :elixir_make, repo: "hexpm", optional: false]}], "hexpm"},
  "circuits_i2c": {:hex, :circuits_i2c, "0.3.5", "43e043d7efc3aead364061f8a7ed627f81ff7cef52bfa47cb629d8a68ca56a9f", [:make, :mix], [{:elixir_make, "~> 0.6", [hex: :elixir_make, repo: "hexpm", optional: false]}], "hexpm"},
  "credo": {:hex, :credo, "1.1.5", "caec7a3cadd2e58609d7ee25b3931b129e739e070539ad1a0cd7efeeb47014f4", [:mix], [{:bunt, "~> 0.2.0", [hex: :bunt, repo: "hexpm", optional: false]}, {:jason, "~> 1.0", [hex: :jason, repo: "hexpm", optional: false]}], "hexpm"},
  "elixir_ale": {:hex, :elixir_ale, "1.2.1", "07ac2f17a0191b8bd3b0df6b526c7f699a3a4d690c9def573fcb5824eef24d98", [:make, :mix], [{:elixir_make, "~> 0.4", [hex: :elixir_make, repo: "hexpm", optional: false]}], "hexpm"},
  "elixir_make": {:hex, :elixir_make, "0.6.0", "38349f3e29aff4864352084fc736fa7fa0f2995a819a737554f7ebd28b85aaab", [:mix], [], "hexpm"},
  "jason": {:hex, :jason, "1.1.2", "b03dedea67a99223a2eaf9f1264ce37154564de899fd3d8b9a21b1a6fd64afe7", [:mix], [{:decimal, "~> 1.0", [hex: :decimal, repo: "hexpm", optional: true]}], "hexpm"},
  "mimic": {:hex, :mimic, "1.1.3", "3bad83d5271b4faa7bbfef587417a6605cbbc802a353395d446a1e5f46fe7115", [:mix], [], "hexpm"},
}
